
Microsoft Visual Studio Solution File, Format Version 12.00
# Visual Studio 15
VisualStudioVersion = 15.0.28307.705
MinimumVisualStudioVersion = 10.0.40219.1
Project("{FAE04EC0-301F-11D3-BF4B-00C04F79EFBC}") = "WebIndexHotel", "WebIndexHotel\WebIndexHotel.csproj", "{F13D8F67-A9D6-4CC8-BAF2-3C04A4C4A12D}"
EndProject
Global
	GlobalSection(SolutionConfigurationPlatforms) = preSolution
		Debug|Any CPU = Debug|Any CPU
		Release|Any CPU = Release|Any CPU
	EndGlobalSection
	GlobalSection(ProjectConfigurationPlatforms) = postSolution
		{F13D8F67-A9D6-4CC8-BAF2-3C04A4C4A12D}.Debug|Any CPU.ActiveCfg = Debug|Any CPU
		{F13D8F67-A9D6-4CC8-BAF2-3C04A4C4A12D}.Debug|Any CPU.Build.0 = Debug|Any CPU
		{F13D8F67-A9D6-4CC8-BAF2-3C04A4C4A12D}.Release|Any CPU.ActiveCfg = Release|Any CPU
		{F13D8F67-A9D6-4CC8-BAF2-3C04A4C4A12D}.Release|Any CPU.Build.0 = Release|Any CPU
	EndGlobalSection
	GlobalSection(SolutionProperties) = preSolution
		HideSolutionNode = FALSE
	EndGlobalSection
	GlobalSection(ExtensibilityGlobals) = postSolution
		SolutionGuid = {140FD580-1461-4425-8CEC-B51C8B9E8390}
	EndGlobalSection
EndGlobal
